
Microsoft Visual Studio Solution File, Format Version 12.00
# Visual Studio Version 17
VisualStudioVersion = 17.14.36717.8 d17.14
MinimumVisualStudioVersion = 10.0.40219.1
Project("{8BC9CEB8-8B4A-11D0-8D11-00A0C91BC942}") = "VectorOpsCUDA", "VectorOpsCUDA\VectorOpsCUDA.vcxproj", "{A12EE6ED-F30D-7D0B-2883-264CC04B2C3B}"
EndProject
Global
	GlobalSection(SolutionConfigurationPlatforms) = preSolution
		Debug|x64 = Debug|x64
		Release|x64 = Release|x64
	EndGlobalSection
	GlobalSection(ProjectConfigurationPlatforms) = postSolution
		{A12EE6ED-F30D-7D0B-2883-264CC04B2C3B}.Debug|x64.ActiveCfg = Debug|x64
		{A12EE6ED-F30D-7D0B-2883-264CC04B2C3B}.Debug|x64.Build.0 = Debug|x64
		{A12EE6ED-F30D-7D0B-2883-264CC04B2C3B}.Release|x64.ActiveCfg = Release|x64
		{A12EE6ED-F30D-7D0B-2883-264CC04B2C3B}.Release|x64.Build.0 = Release|x64
	EndGlobalSection
	GlobalSection(SolutionProperties) = preSolution
		HideSolutionNode = FALSE
	EndGlobalSection
	GlobalSection(ExtensibilityGlobals) = postSolution
		SolutionGuid = {5F916003-F151-4B7E-9732-2734B43DE1A7}
	EndGlobalSection
EndGlobal
